
Microsoft Visual Studio Solution File, Format Version 12.00
# Visual Studio 15
VisualStudioVersion = 15.0.27130.2010
MinimumVisualStudioVersion = 10.0.40219.1
Project("{FAE04EC0-301F-11D3-BF4B-00C04F79EFBC}") = "IOT", "IOT\IOT.csproj", "{12E85011-0C17-4CF9-8757-4CA1F6AB1BF4}"
EndProject
Project("{9A19103F-16F7-4668-BE54-9A1E7A4F7556}") = "Device", "Device\Device.csproj", "{C29F26C2-2C80-4F8D-BE34-23C1C190146C}"
EndProject
Global
	GlobalSection(SolutionConfigurationPlatforms) = preSolution
		Debug|Any CPU = Debug|Any CPU
		Release|Any CPU = Release|Any CPU
	EndGlobalSection
	GlobalSection(ProjectConfigurationPlatforms) = postSolution
		{12E85011-0C17-4CF9-8757-4CA1F6AB1BF4}.Debug|Any CPU.ActiveCfg = Debug|Any CPU
		{12E85011-0C17-4CF9-8757-4CA1F6AB1BF4}.Debug|Any CPU.Build.0 = Debug|Any CPU
		{12E85011-0C17-4CF9-8757-4CA1F6AB1BF4}.Release|Any CPU.ActiveCfg = Release|Any CPU
		{12E85011-0C17-4CF9-8757-4CA1F6AB1BF4}.Release|Any CPU.Build.0 = Release|Any CPU
		{C29F26C2-2C80-4F8D-BE34-23C1C190146C}.Debug|Any CPU.ActiveCfg = Debug|Any CPU
		{C29F26C2-2C80-4F8D-BE34-23C1C190146C}.Debug|Any CPU.Build.0 = Debug|Any CPU
		{C29F26C2-2C80-4F8D-BE34-23C1C190146C}.Release|Any CPU.ActiveCfg = Release|Any CPU
		{C29F26C2-2C80-4F8D-BE34-23C1C190146C}.Release|Any CPU.Build.0 = Release|Any CPU
	EndGlobalSection
	GlobalSection(SolutionProperties) = preSolution
		HideSolutionNode = FALSE
	EndGlobalSection
	GlobalSection(ExtensibilityGlobals) = postSolution
		SolutionGuid = {453CAC22-2FFF-4AC3-8329-9214C15081B4}
	EndGlobalSection
EndGlobal
